
Microsoft Visual Studio Solution File, Format Version 12.00
# Visual Studio Version 17
VisualStudioVersion = 17.0.31903.59
MinimumVisualStudioVersion = 10.0.40219.1
Project("{2150E333-8FDC-42A3-9474-1A3956D46DE8}") = "src", "src", "{827E0CD3-B72D-47B6-A68D-7590B98EB39B}"
EndProject
Project("{FAE04EC0-301F-11D3-BF4B-00C04F79EFBC}") = "CaseItau.Domain", "src\CaseItau.Domain\CaseItau.Domain.csproj", "{2145BC56-D68F-4558-8E1D-A1D9CE946081}"
EndProject
Project("{FAE04EC0-301F-11D3-BF4B-00C04F79EFBC}") = "CaseItau.Application", "src\CaseItau.Application\CaseItau.Application.csproj", "{6C397838-0187-47B3-AD60-88FF88B26BB5}"
EndProject
Project("{FAE04EC0-301F-11D3-BF4B-00C04F79EFBC}") = "CaseItau.Infrastructure", "src\CaseItau.Infrastructure\CaseItau.Infrastructure.csproj", "{E5252790-988D-41C4-BCCF-CDE5CBDC2C78}"
EndProject
Project("{FAE04EC0-301F-11D3-BF4B-00C04F79EFBC}") = "CaseItau.Api", "src\CaseItau.Api\CaseItau.Api.csproj", "{76B35CBB-C75A-4041-8DAA-61F124D90C81}"
EndProject
Project("{2150E333-8FDC-42A3-9474-1A3956D46DE8}") = "tests", "tests", "{0AB3BF05-4346-4AA6-1389-037BE0695223}"
EndProject
Project("{FAE04EC0-301F-11D3-BF4B-00C04F79EFBC}") = "CaseItau.Tests", "tests\CaseItau.Tests\CaseItau.Tests.csproj", "{20C73094-1940-442D-935C-00B54F39B8B6}"
EndProject
Global
	GlobalSection(SolutionConfigurationPlatforms) = preSolution
		Debug|Any CPU = Debug|Any CPU
		Debug|x64 = Debug|x64
		Debug|x86 = Debug|x86
		Release|Any CPU = Release|Any CPU
		Release|x64 = Release|x64
		Release|x86 = Release|x86
	EndGlobalSection
	GlobalSection(ProjectConfigurationPlatforms) = postSolution
		{2145BC56-D68F-4558-8E1D-A1D9CE946081}.Debug|Any CPU.ActiveCfg = Debug|Any CPU
		{2145BC56-D68F-4558-8E1D-A1D9CE946081}.Debug|Any CPU.Build.0 = Debug|Any CPU
		{2145BC56-D68F-4558-8E1D-A1D9CE946081}.Debug|x64.ActiveCfg = Debug|Any CPU
		{2145BC56-D68F-4558-8E1D-A1D9CE946081}.Debug|x64.Build.0 = Debug|Any CPU
		{2145BC56-D68F-4558-8E1D-A1D9CE946081}.Debug|x86.ActiveCfg = Debug|Any CPU
		{2145BC56-D68F-4558-8E1D-A1D9CE946081}.Debug|x86.Build.0 = Debug|Any CPU
		{2145BC56-D68F-4558-8E1D-A1D9CE946081}.Release|Any CPU.ActiveCfg = Release|Any CPU
		{2145BC56-D68F-4558-8E1D-A1D9CE946081}.Release|Any CPU.Build.0 = Release|Any CPU
		{2145BC56-D68F-4558-8E1D-A1D9CE946081}.Release|x64.ActiveCfg = Release|Any CPU
		{2145BC56-D68F-4558-8E1D-A1D9CE946081}.Release|x64.Build.0 = Release|Any CPU
		{2145BC56-D68F-4558-8E1D-A1D9CE946081}.Release|x86.ActiveCfg = Release|Any CPU
		{2145BC56-D68F-4558-8E1D-A1D9CE946081}.Release|x86.Build.0 = Release|Any CPU
		{6C397838-0187-47B3-AD60-88FF88B26BB5}.Debug|Any CPU.ActiveCfg = Debug|Any CPU
		{6C397838-0187-47B3-AD60-88FF88B26BB5}.Debug|Any CPU.Build.0 = Debug|Any CPU
		{6C397838-0187-47B3-AD60-88FF88B26BB5}.Debug|x64.ActiveCfg = Debug|Any CPU
		{6C397838-0187-47B3-AD60-88FF88B26BB5}.Debug|x64.Build.0 = Debug|Any CPU
		{6C397838-0187-47B3-AD60-88FF88B26BB5}.Debug|x86.ActiveCfg = Debug|Any CPU
		{6C397838-0187-47B3-AD60-88FF88B26BB5}.Debug|x86.Build.0 = Debug|Any CPU
		{6C397838-0187-47B3-AD60-88FF88B26BB5}.Release|Any CPU.ActiveCfg = Release|Any CPU
		{6C397838-0187-47B3-AD60-88FF88B26BB5}.Release|Any CPU.Build.0 = Release|Any CPU
		{6C397838-0187-47B3-AD60-88FF88B26BB5}.Release|x64.ActiveCfg = Release|Any CPU
		{6C397838-0187-47B3-AD60-88FF88B26BB5}.Release|x64.Build.0 = Release|Any CPU
		{6C397838-0187-47B3-AD60-88FF88B26BB5}.Release|x86.ActiveCfg = Release|Any CPU
		{6C397838-0187-47B3-AD60-88FF88B26BB5}.Release|x86.Build.0 = Release|Any CPU
		{E5252790-988D-41C4-BCCF-CDE5CBDC2C78}.Debug|Any CPU.ActiveCfg = Debug|Any CPU
		{E5252790-988D-41C4-BCCF-CDE5CBDC2C78}.Debug|Any CPU.Build.0 = Debug|Any CPU
		{E5252790-988D-41C4-BCCF-CDE5CBDC2C78}.Debug|x64.ActiveCfg = Debug|Any CPU
		{E5252790-988D-41C4-BCCF-CDE5CBDC2C78}.Debug|x64.Build.0 = Debug|Any CPU
		{E5252790-988D-41C4-BCCF-CDE5CBDC2C78}.Debug|x86.ActiveCfg = Debug|Any CPU
		{E5252790-988D-41C4-BCCF-CDE5CBDC2C78}.Debug|x86.Build.0 = Debug|Any CPU
		{E5252790-988D-41C4-BCCF-CDE5CBDC2C78}.Release|Any CPU.ActiveCfg = Release|Any CPU
		{E5252790-988D-41C4-BCCF-CDE5CBDC2C78}.Release|Any CPU.Build.0 = Release|Any CPU
		{E5252790-988D-41C4-BCCF-CDE5CBDC2C78}.Release|x64.ActiveCfg = Release|Any CPU
		{E5252790-988D-41C4-BCCF-CDE5CBDC2C78}.Release|x64.Build.0 = Release|Any CPU
		{E5252790-988D-41C4-BCCF-CDE5CBDC2C78}.Release|x86.ActiveCfg = Release|Any CPU
		{E5252790-988D-41C4-BCCF-CDE5CBDC2C78}.Release|x86.Build.0 = Release|Any CPU
		{76B35CBB-C75A-4041-8DAA-61F124D90C81}.Debug|Any CPU.ActiveCfg = Debug|Any CPU
		{76B35CBB-C75A-4041-8DAA-61F124D90C81}.Debug|Any CPU.Build.0 = Debug|Any CPU
		{76B35CBB-C75A-4041-8DAA-61F124D90C81}.Debug|x64.ActiveCfg = Debug|Any CPU
		{76B35CBB-C75A-4041-8DAA-61F124D90C81}.Debug|x64.Build.0 = Debug|Any CPU
		{76B35CBB-C75A-4041-8DAA-61F124D90C81}.Debug|x86.ActiveCfg = Debug|Any CPU
		{76B35CBB-C75A-4041-8DAA-61F124D90C81}.Debug|x86.Build.0 = Debug|Any CPU
		{76B35CBB-C75A-4041-8DAA-61F124D90C81}.Release|Any CPU.ActiveCfg = Release|Any CPU
		{76B35CBB-C75A-4041-8DAA-61F124D90C81}.Release|Any CPU.Build.0 = Release|Any CPU
		{76B35CBB-C75A-4041-8DAA-61F124D90C81}.Release|x64.ActiveCfg = Release|Any CPU
		{76B35CBB-C75A-4041-8DAA-61F124D90C81}.Release|x64.Build.0 = Release|Any CPU
		{76B35CBB-C75A-4041-8DAA-61F124D90C81}.Release|x86.ActiveCfg = Release|Any CPU
		{76B35CBB-C75A-4041-8DAA-61F124D90C81}.Release|x86.Build.0 = Release|Any CPU
		{20C73094-1940-442D-935C-00B54F39B8B6}.Debug|Any CPU.ActiveCfg = Debug|Any CPU
		{20C73094-1940-442D-935C-00B54F39B8B6}.Debug|Any CPU.Build.0 = Debug|Any CPU
		{20C73094-1940-442D-935C-00B54F39B8B6}.Debug|x64.ActiveCfg = Debug|Any CPU
		{20C73094-1940-442D-935C-00B54F39B8B6}.Debug|x64.Build.0 = Debug|Any CPU
		{20C73094-1940-442D-935C-00B54F39B8B6}.Debug|x86.ActiveCfg = Debug|Any CPU
		{20C73094-1940-442D-935C-00B54F39B8B6}.Debug|x86.Build.0 = Debug|Any CPU
		{20C73094-1940-442D-935C-00B54F39B8B6}.Release|Any CPU.ActiveCfg = Release|Any CPU
		{20C73094-1940-442D-935C-00B54F39B8B6}.Release|Any CPU.Build.0 = Release|Any CPU
		{20C73094-1940-442D-935C-00B54F39B8B6}.Release|x64.ActiveCfg = Release|Any CPU
		{20C73094-1940-442D-935C-00B54F39B8B6}.Release|x64.Build.0 = Release|Any CPU
		{20C73094-1940-442D-935C-00B54F39B8B6}.Release|x86.ActiveCfg = Release|Any CPU
		{20C73094-1940-442D-935C-00B54F39B8B6}.Release|x86.Build.0 = Release|Any CPU
	EndGlobalSection
	GlobalSection(SolutionProperties) = preSolution
		HideSolutionNode = FALSE
	EndGlobalSection
	GlobalSection(NestedProjects) = preSolution
		{2145BC56-D68F-4558-8E1D-A1D9CE946081} = {827E0CD3-B72D-47B6-A68D-7590B98EB39B}
		{6C397838-0187-47B3-AD60-88FF88B26BB5} = {827E0CD3-B72D-47B6-A68D-7590B98EB39B}
		{E5252790-988D-41C4-BCCF-CDE5CBDC2C78} = {827E0CD3-B72D-47B6-A68D-7590B98EB39B}
		{76B35CBB-C75A-4041-8DAA-61F124D90C81} = {827E0CD3-B72D-47B6-A68D-7590B98EB39B}
		{20C73094-1940-442D-935C-00B54F39B8B6} = {0AB3BF05-4346-4AA6-1389-037BE0695223}
	EndGlobalSection
EndGlobal
